
Microsoft Visual Studio Solution File, Format Version 12.00
# Visual Studio 2012
Project("{FAE04EC0-301F-11D3-BF4B-00C04F79EFBC}") = "Задание", "Задание\Задание.csproj", "{D03C5130-547C-47C0-98FE-37361778B7BD}"
EndProject
Project("{FAE04EC0-301F-11D3-BF4B-00C04F79EFBC}") = "Прием", "Прием\Прием.csproj", "{C51D0C7D-6040-4526-B76B-459BD9F77A08}"
EndProject
Global
	GlobalSection(SolutionConfigurationPlatforms) = preSolution
		Debug|Any CPU = Debug|Any CPU
		Release|Any CPU = Release|Any CPU
	EndGlobalSection
	GlobalSection(ProjectConfigurationPlatforms) = postSolution
		{D03C5130-547C-47C0-98FE-37361778B7BD}.Debug|Any CPU.ActiveCfg = Debug|Any CPU
		{D03C5130-547C-47C0-98FE-37361778B7BD}.Debug|Any CPU.Build.0 = Debug|Any CPU
		{D03C5130-547C-47C0-98FE-37361778B7BD}.Release|Any CPU.ActiveCfg = Release|Any CPU
		{D03C5130-547C-47C0-98FE-37361778B7BD}.Release|Any CPU.Build.0 = Release|Any CPU
		{C51D0C7D-6040-4526-B76B-459BD9F77A08}.Debug|Any CPU.ActiveCfg = Debug|Any CPU
		{C51D0C7D-6040-4526-B76B-459BD9F77A08}.Debug|Any CPU.Build.0 = Debug|Any CPU
		{C51D0C7D-6040-4526-B76B-459BD9F77A08}.Release|Any CPU.ActiveCfg = Release|Any CPU
		{C51D0C7D-6040-4526-B76B-459BD9F77A08}.Release|Any CPU.Build.0 = Release|Any CPU
	EndGlobalSection
	GlobalSection(SolutionProperties) = preSolution
		HideSolutionNode = FALSE
	EndGlobalSection
EndGlobal
